
Microsoft Visual Studio Solution File, Format Version 12.00
# Visual Studio 15
VisualStudioVersion = 15.0.27130.0
MinimumVisualStudioVersion = 10.0.40219.1
Project("{FAE04EC0-301F-11D3-BF4B-00C04F79EFBC}") = "DecisionTree", "DecisionTree\DecisionTree.csproj", "{8DA8A975-CE4F-4340-B046-C172CE776F6C}"
EndProject
Global
	GlobalSection(SolutionConfigurationPlatforms) = preSolution
		Debug|Any CPU = Debug|Any CPU
		Release|Any CPU = Release|Any CPU
	EndGlobalSection
	GlobalSection(ProjectConfigurationPlatforms) = postSolution
		{8DA8A975-CE4F-4340-B046-C172CE776F6C}.Debug|Any CPU.ActiveCfg = Debug|Any CPU
		{8DA8A975-CE4F-4340-B046-C172CE776F6C}.Debug|Any CPU.Build.0 = Debug|Any CPU
		{8DA8A975-CE4F-4340-B046-C172CE776F6C}.Release|Any CPU.ActiveCfg = Release|Any CPU
		{8DA8A975-CE4F-4340-B046-C172CE776F6C}.Release|Any CPU.Build.0 = Release|Any CPU
	EndGlobalSection
	GlobalSection(SolutionProperties) = preSolution
		HideSolutionNode = FALSE
	EndGlobalSection
	GlobalSection(ExtensibilityGlobals) = postSolution
		SolutionGuid = {D7C7298B-E70F-409D-9302-989B3A0A1A32}
	EndGlobalSection
EndGlobal
